
Microsoft Visual Studio Solution File, Format Version 12.00
# Visual Studio Version 17
VisualStudioVersion = 17.1.32228.430
MinimumVisualStudioVersion = 10.0.40219.1
Project("{2150E333-8FDC-42A3-9474-1A3956D46DE8}") = "Services", "Services", "{602BB6FC-0079-4DB2-838C-703829B0C80E}"
EndProject
Project("{2150E333-8FDC-42A3-9474-1A3956D46DE8}") = "Catalog", "Catalog", "{B639DDC9-C87F-4E15-86E4-4BC30B914986}"
EndProject
Project("{9A19103F-16F7-4668-BE54-9A1E7A4F7556}") = "Catalog.API", "Services\Catalog\Catalog.API\Catalog.API.csproj", "{7C2EBB6D-EE42-4ADC-AF4C-E81CF8965788}"
EndProject
Project("{E53339B2-1760-4266-BCC7-CA923CBCF16C}") = "docker-compose", "docker-compose.dcproj", "{834CDFC1-F057-4491-B8DF-BFE77B2FDF40}"
EndProject
Project("{2150E333-8FDC-42A3-9474-1A3956D46DE8}") = "ApiGateways", "ApiGateways", "{EE48EB75-1ED5-4D15-9589-D1B2DF4A4120}"
EndProject
Project("{9A19103F-16F7-4668-BE54-9A1E7A4F7556}") = "OcelotApiGw", "ApiGateways\OcelotApiGw\OcelotApiGw.csproj", "{0FFB18B2-AA3F-4E59-A4CD-B4B8C3B4E5D8}"
EndProject
Project("{2150E333-8FDC-42A3-9474-1A3956D46DE8}") = "Basket", "Basket", "{2E57F8BD-2483-4924-90B5-70CA3A21145A}"
EndProject
Project("{9A19103F-16F7-4668-BE54-9A1E7A4F7556}") = "Basket.API", "Services\Basket\Basket.API\Basket.API.csproj", "{F1C9B425-6F80-41FC-8F24-1E29659EAEBF}"
EndProject
Project("{2150E333-8FDC-42A3-9474-1A3956D46DE8}") = "Discount", "Discount", "{34D68B31-9A79-4399-816A-5A239F903A8F}"
EndProject
Project("{9A19103F-16F7-4668-BE54-9A1E7A4F7556}") = "Discount.API", "Services\Discount\Discount.API\Discount.API.csproj", "{F45DD1AA-8AAF-46EA-9FD7-26E075181FE3}"
EndProject
Project("{9A19103F-16F7-4668-BE54-9A1E7A4F7556}") = "Discount.Grpc", "Services\Discount\Discount.Grpc\Discount.Grpc.csproj", "{4FF3DF95-760F-46ED-B795-23FC7492AB55}"
EndProject
Project("{2150E333-8FDC-42A3-9474-1A3956D46DE8}") = "Ordering", "Ordering", "{8E8491FE-07BC-45A0-831D-99A212FA93C0}"
EndProject
Project("{FAE04EC0-301F-11D3-BF4B-00C04F79EFBC}") = "Ordering.API", "Services\Ordering\Ordering.API\Ordering.API.csproj", "{68767FAD-FC92-4412-BA82-C6A1F3A47BFD}"
EndProject
Project("{FAE04EC0-301F-11D3-BF4B-00C04F79EFBC}") = "Ordering.Domain", "Services\Ordering\Ordering.Domain\Ordering.Domain.csproj", "{F9101A35-94CE-4DCA-AC76-C18FFE2B4F79}"
EndProject
Project("{FAE04EC0-301F-11D3-BF4B-00C04F79EFBC}") = "Ordering.Application", "Services\Ordering\Ordering.Application\Ordering.Application.csproj", "{A4C4C3F5-EA01-42AE-B818-B610F228ACE2}"
EndProject
Project("{FAE04EC0-301F-11D3-BF4B-00C04F79EFBC}") = "Ordering.Infrastructure", "Services\Ordering\Ordering.Infrastructure\Ordering.Infrastructure.csproj", "{44768C29-F6E0-4D5F-8979-A62DF17068F0}"
EndProject
Global
	GlobalSection(SolutionConfigurationPlatforms) = preSolution
		Debug|Any CPU = Debug|Any CPU
		Release|Any CPU = Release|Any CPU
	EndGlobalSection
	GlobalSection(ProjectConfigurationPlatforms) = postSolution
		{7C2EBB6D-EE42-4ADC-AF4C-E81CF8965788}.Debug|Any CPU.ActiveCfg = Debug|Any CPU
		{7C2EBB6D-EE42-4ADC-AF4C-E81CF8965788}.Debug|Any CPU.Build.0 = Debug|Any CPU
		{7C2EBB6D-EE42-4ADC-AF4C-E81CF8965788}.Release|Any CPU.ActiveCfg = Release|Any CPU
		{7C2EBB6D-EE42-4ADC-AF4C-E81CF8965788}.Release|Any CPU.Build.0 = Release|Any CPU
		{834CDFC1-F057-4491-B8DF-BFE77B2FDF40}.Debug|Any CPU.ActiveCfg = Debug|Any CPU
		{834CDFC1-F057-4491-B8DF-BFE77B2FDF40}.Debug|Any CPU.Build.0 = Debug|Any CPU
		{834CDFC1-F057-4491-B8DF-BFE77B2FDF40}.Release|Any CPU.ActiveCfg = Release|Any CPU
		{834CDFC1-F057-4491-B8DF-BFE77B2FDF40}.Release|Any CPU.Build.0 = Release|Any CPU
		{0FFB18B2-AA3F-4E59-A4CD-B4B8C3B4E5D8}.Debug|Any CPU.ActiveCfg = Debug|Any CPU
		{0FFB18B2-AA3F-4E59-A4CD-B4B8C3B4E5D8}.Debug|Any CPU.Build.0 = Debug|Any CPU
		{0FFB18B2-AA3F-4E59-A4CD-B4B8C3B4E5D8}.Release|Any CPU.ActiveCfg = Release|Any CPU
		{0FFB18B2-AA3F-4E59-A4CD-B4B8C3B4E5D8}.Release|Any CPU.Build.0 = Release|Any CPU
		{F1C9B425-6F80-41FC-8F24-1E29659EAEBF}.Debug|Any CPU.ActiveCfg = Debug|Any CPU
		{F1C9B425-6F80-41FC-8F24-1E29659EAEBF}.Debug|Any CPU.Build.0 = Debug|Any CPU
		{F1C9B425-6F80-41FC-8F24-1E29659EAEBF}.Release|Any CPU.ActiveCfg = Release|Any CPU
		{F1C9B425-6F80-41FC-8F24-1E29659EAEBF}.Release|Any CPU.Build.0 = Release|Any CPU
		{F45DD1AA-8AAF-46EA-9FD7-26E075181FE3}.Debug|Any CPU.ActiveCfg = Debug|Any CPU
		{F45DD1AA-8AAF-46EA-9FD7-26E075181FE3}.Debug|Any CPU.Build.0 = Debug|Any CPU
		{F45DD1AA-8AAF-46EA-9FD7-26E075181FE3}.Release|Any CPU.ActiveCfg = Release|Any CPU
		{F45DD1AA-8AAF-46EA-9FD7-26E075181FE3}.Release|Any CPU.Build.0 = Release|Any CPU
		{4FF3DF95-760F-46ED-B795-23FC7492AB55}.Debug|Any CPU.ActiveCfg = Debug|Any CPU
		{4FF3DF95-760F-46ED-B795-23FC7492AB55}.Debug|Any CPU.Build.0 = Debug|Any CPU
		{4FF3DF95-760F-46ED-B795-23FC7492AB55}.Release|Any CPU.ActiveCfg = Release|Any CPU
		{4FF3DF95-760F-46ED-B795-23FC7492AB55}.Release|Any CPU.Build.0 = Release|Any CPU
		{68767FAD-FC92-4412-BA82-C6A1F3A47BFD}.Debug|Any CPU.ActiveCfg = Debug|Any CPU
		{68767FAD-FC92-4412-BA82-C6A1F3A47BFD}.Debug|Any CPU.Build.0 = Debug|Any CPU
		{68767FAD-FC92-4412-BA82-C6A1F3A47BFD}.Release|Any CPU.ActiveCfg = Release|Any CPU
		{68767FAD-FC92-4412-BA82-C6A1F3A47BFD}.Release|Any CPU.Build.0 = Release|Any CPU
		{F9101A35-94CE-4DCA-AC76-C18FFE2B4F79}.Debug|Any CPU.ActiveCfg = Debug|Any CPU
		{F9101A35-94CE-4DCA-AC76-C18FFE2B4F79}.Debug|Any CPU.Build.0 = Debug|Any CPU
		{F9101A35-94CE-4DCA-AC76-C18FFE2B4F79}.Release|Any CPU.ActiveCfg = Release|Any CPU
		{F9101A35-94CE-4DCA-AC76-C18FFE2B4F79}.Release|Any CPU.Build.0 = Release|Any CPU
		{A4C4C3F5-EA01-42AE-B818-B610F228ACE2}.Debug|Any CPU.ActiveCfg = Debug|Any CPU
		{A4C4C3F5-EA01-42AE-B818-B610F228ACE2}.Debug|Any CPU.Build.0 = Debug|Any CPU
		{A4C4C3F5-EA01-42AE-B818-B610F228ACE2}.Release|Any CPU.ActiveCfg = Release|Any CPU
		{A4C4C3F5-EA01-42AE-B818-B610F228ACE2}.Release|Any CPU.Build.0 = Release|Any CPU
		{44768C29-F6E0-4D5F-8979-A62DF17068F0}.Debug|Any CPU.ActiveCfg = Debug|Any CPU
		{44768C29-F6E0-4D5F-8979-A62DF17068F0}.Debug|Any CPU.Build.0 = Debug|Any CPU
		{44768C29-F6E0-4D5F-8979-A62DF17068F0}.Release|Any CPU.ActiveCfg = Release|Any CPU
		{44768C29-F6E0-4D5F-8979-A62DF17068F0}.Release|Any CPU.Build.0 = Release|Any CPU
	EndGlobalSection
	GlobalSection(SolutionProperties) = preSolution
		HideSolutionNode = FALSE
	EndGlobalSection
	GlobalSection(NestedProjects) = preSolution
		{B639DDC9-C87F-4E15-86E4-4BC30B914986} = {602BB6FC-0079-4DB2-838C-703829B0C80E}
		{7C2EBB6D-EE42-4ADC-AF4C-E81CF8965788} = {B639DDC9-C87F-4E15-86E4-4BC30B914986}
		{0FFB18B2-AA3F-4E59-A4CD-B4B8C3B4E5D8} = {EE48EB75-1ED5-4D15-9589-D1B2DF4A4120}
		{2E57F8BD-2483-4924-90B5-70CA3A21145A} = {602BB6FC-0079-4DB2-838C-703829B0C80E}
		{F1C9B425-6F80-41FC-8F24-1E29659EAEBF} = {2E57F8BD-2483-4924-90B5-70CA3A21145A}
		{34D68B31-9A79-4399-816A-5A239F903A8F} = {602BB6FC-0079-4DB2-838C-703829B0C80E}
		{F45DD1AA-8AAF-46EA-9FD7-26E075181FE3} = {34D68B31-9A79-4399-816A-5A239F903A8F}
		{4FF3DF95-760F-46ED-B795-23FC7492AB55} = {34D68B31-9A79-4399-816A-5A239F903A8F}
		{8E8491FE-07BC-45A0-831D-99A212FA93C0} = {602BB6FC-0079-4DB2-838C-703829B0C80E}
		{68767FAD-FC92-4412-BA82-C6A1F3A47BFD} = {8E8491FE-07BC-45A0-831D-99A212FA93C0}
		{F9101A35-94CE-4DCA-AC76-C18FFE2B4F79} = {8E8491FE-07BC-45A0-831D-99A212FA93C0}
		{A4C4C3F5-EA01-42AE-B818-B610F228ACE2} = {8E8491FE-07BC-45A0-831D-99A212FA93C0}
		{44768C29-F6E0-4D5F-8979-A62DF17068F0} = {8E8491FE-07BC-45A0-831D-99A212FA93C0}
	EndGlobalSection
	GlobalSection(ExtensibilityGlobals) = postSolution
		SolutionGuid = {334F19FA-B5F3-4DB2-AE0A-810ECCC3CCB5}
	EndGlobalSection
EndGlobal
